{
    "name": "sophist",
    "version": "1.0.0",
    "lockfileVersion": 3,
    "requires": true,
    "packages": {
        "": {
            "name": "sophist",
            "version": "1.0.0",
            "license": "MIT",
            "bin": {
                "sophist_beta": "main.ts"
            }
        }
    }
}
